
Microsoft Visual Studio Solution File, Format Version 12.00
# Visual Studio Version 17
VisualStudioVersion = 17.3.32901.215
MinimumVisualStudioVersion = 10.0.40219.1
Project("{9A19103F-16F7-4668-BE54-9A1E7A4F7556}") = "DbFirst", "DbFirst\DbFirst.csproj", "{67B2B1C0-3403-47F7-84E6-2D4F6CBA4F0A}"
EndProject
Project("{9A19103F-16F7-4668-BE54-9A1E7A4F7556}") = "WebApp", "WebApp\WebApp.csproj", "{D2195F9B-6C53-4DED-9840-EA434948DAAF}"
EndProject
Project("{FAE04EC0-301F-11D3-BF4B-00C04F79EFBC}") = "WebService", "WebService\WebService.csproj", "{94574454-558E-4E99-8E22-C89228CA4B95}"
EndProject
Global
	GlobalSection(SolutionConfigurationPlatforms) = preSolution
		Debug|Any CPU = Debug|Any CPU
		Release|Any CPU = Release|Any CPU
	EndGlobalSection
	GlobalSection(ProjectConfigurationPlatforms) = postSolution
		{67B2B1C0-3403-47F7-84E6-2D4F6CBA4F0A}.Debug|Any CPU.ActiveCfg = Debug|Any CPU
		{67B2B1C0-3403-47F7-84E6-2D4F6CBA4F0A}.Debug|Any CPU.Build.0 = Debug|Any CPU
		{67B2B1C0-3403-47F7-84E6-2D4F6CBA4F0A}.Release|Any CPU.ActiveCfg = Release|Any CPU
		{67B2B1C0-3403-47F7-84E6-2D4F6CBA4F0A}.Release|Any CPU.Build.0 = Release|Any CPU
		{D2195F9B-6C53-4DED-9840-EA434948DAAF}.Debug|Any CPU.ActiveCfg = Debug|Any CPU
		{D2195F9B-6C53-4DED-9840-EA434948DAAF}.Debug|Any CPU.Build.0 = Debug|Any CPU
		{D2195F9B-6C53-4DED-9840-EA434948DAAF}.Release|Any CPU.ActiveCfg = Release|Any CPU
		{D2195F9B-6C53-4DED-9840-EA434948DAAF}.Release|Any CPU.Build.0 = Release|Any CPU
		{94574454-558E-4E99-8E22-C89228CA4B95}.Debug|Any CPU.ActiveCfg = Debug|Any CPU
		{94574454-558E-4E99-8E22-C89228CA4B95}.Debug|Any CPU.Build.0 = Debug|Any CPU
		{94574454-558E-4E99-8E22-C89228CA4B95}.Release|Any CPU.ActiveCfg = Release|Any CPU
		{94574454-558E-4E99-8E22-C89228CA4B95}.Release|Any CPU.Build.0 = Release|Any CPU
	EndGlobalSection
	GlobalSection(SolutionProperties) = preSolution
		HideSolutionNode = FALSE
	EndGlobalSection
	GlobalSection(ExtensibilityGlobals) = postSolution
		SolutionGuid = {24CD50F7-6F32-4E2D-89E9-E5082807D847}
	EndGlobalSection
EndGlobal
